// !$*UTF8*$!
{
	archiveVersion = 1;
	classes = {
	};
	objectVersion = 46;
	objects = {

/* Begin PBXBuildFile section */
		3419F8571D17B93B00DBD11A /* main.m in Sources */ = {isa = PBXBuildFile; fileRef = 3419F8561D17B93B00DBD11A /* main.m */; };
		3419F85A1D17B93B00DBD11A /* AppDelegate.m in Sources */ = {isa = PBXBuildFile; fileRef = 3419F8591D17B93B00DBD11A /* AppDelegate.m */; };
		3419F85D1D17B93B00DBD11A /* ViewController.m in Sources */ = {isa = PBXBuildFile; fileRef = 3419F85C1D17B93B00DBD11A /* ViewController.m */; };
		3419F8601D17B93B00DBD11A /* Main.storyboard in Resources */ = {isa = PBXBuildFile; fileRef = 3419F85E1D17B93B00DBD11A /* Main.storyboard */; };
		3419F8621D17B93B00DBD11A /* Assets.xcassets in Resources */ = {isa = PBXBuildFile; fileRef = 3419F8611D17B93B00DBD11A /* Assets.xcassets */; };
		3419F8651D17B93B00DBD11A /* LaunchScreen.storyboard in Resources */ = {isa = PBXBuildFile; fileRef = 3419F8631D17B93B00DBD11A /* LaunchScreen.storyboard */; };
		3419F8701D17B93B00DBD11A /* XKXKBabyDevelopmentSecTests.m in Sources */ = {isa = PBXBuildFile; fileRef = 3419F86F1D17B93B00DBD11A /* XKXKBabyDevelopmentSecTests.m */; };
		3419F87B1D17B93B00DBD11A /* XKXKBabyDevelopmentSecUITests.m in Sources */ = {isa = PBXBuildFile; fileRef = 3419F87A1D17B93B00DBD11A /* XKXKBabyDevelopmentSecUITests.m */; };
		3419F88A1D17BB4000DBD11A /* XKView.m in Sources */ = {isa = PBXBuildFile; fileRef = 3419F8891D17BB4000DBD11A /* XKView.m */; };
		3419F88D1D17BBAB00DBD11A /* XKCollectionViewLayout.m in Sources */ = {isa = PBXBuildFile; fileRef = 3419F88C1D17BBAB00DBD11A /* XKCollectionViewLayout.m */; };
		3419F8951D17DDC800DBD11A /* XKCircleCell.m in Sources */ = {isa = PBXBuildFile; fileRef = 3419F8941D17DDC800DBD11A /* XKCircleCell.m */; };
		3419F89E1D17EE6600DBD11A /* 指针@2x.png in Resources */ = {isa = PBXBuildFile; fileRef = 3419F8961D17EE6600DBD11A /* 指针@2x.png */; };
		3419F89F1D17EE6600DBD11A /* 指针@3x.png in Resources */ = {isa = PBXBuildFile; fileRef = 3419F8971D17EE6600DBD11A /* 指针@3x.png */; };
		3419F8A01D17EE6600DBD11A /* 顶部栏@2x.png in Resources */ = {isa = PBXBuildFile; fileRef = 3419F8981D17EE6600DBD11A /* 顶部栏@2x.png */; };
		3419F8A11D17EE6600DBD11A /* 顶部栏@3x.png in Resources */ = {isa = PBXBuildFile; fileRef = 3419F8991D17EE6600DBD11A /* 顶部栏@3x.png */; };
		3419F8A21D17EE6600DBD11A /* 头像小王子@2x.png in Resources */ = {isa = PBXBuildFile; fileRef = 3419F89A1D17EE6600DBD11A /* 头像小王子@2x.png */; };
		3419F8A31D17EE6600DBD11A /* 头像小王子@3x.png in Resources */ = {isa = PBXBuildFile; fileRef = 3419F89B1D17EE6600DBD11A /* 头像小王子@3x.png */; };
		3419F8A41D17EE6600DBD11A /* 椭圆@2x.png in Resources */ = {isa = PBXBuildFile; fileRef = 3419F89C1D17EE6600DBD11A /* 椭圆@2x.png */; };
		3419F8A51D17EE6600DBD11A /* 椭圆@3x.png in Resources */ = {isa = PBXBuildFile; fileRef = 3419F89D1D17EE6600DBD11A /* 椭圆@3x.png */; };
		3419F8C11D1B84CB00DBD11A /* 阴影750x60px.png in Resources */ = {isa = PBXBuildFile; fileRef = 3419F8C01D1B84CA00DBD11A /* 阴影750x60px.png */; };
		34D0B9FE1D28FA960012E0C3 /* RometeView.m in Sources */ = {isa = PBXBuildFile; fileRef = 34D0B9FD1D28FA960012E0C3 /* RometeView.m */; };
		34FAA1541D263B25002389AB /* XKCollectionView.m in Sources */ = {isa = PBXBuildFile; fileRef = 34FAA1531D263B25002389AB /* XKCollectionView.m */; };
		34FAA1571D264E12002389AB /* XKBezierPathView.m in Sources */ = {isa = PBXBuildFile; fileRef = 34FAA1561D264E12002389AB /* XKBezierPathView.m */; };
		34FAA15A1D28AB0D002389AB /* KTOneFingerRotationGestureRecognizer.m in Sources */ = {isa = PBXBuildFile; fileRef = 34FAA1591D28AB0D002389AB /* KTOneFingerRotationGestureRecognizer.m */; };
/* End PBXBuildFile section */

/* Begin PBXContainerItemProxy section */
		3419F86C1D17B93B00DBD11A /* PBXContainerItemProxy */ = {
			isa = PBXContainerItemProxy;
			containerPortal = 3419F84A1D17B93B00DBD11A /* Project object */;
			proxyType = 1;
			remoteGlobalIDString = 3419F8511D17B93B00DBD11A;
			remoteInfo = XKXKBabyDevelopmentSec;
		};
		3419F8771D17B93B00DBD11A /* PBXContainerItemProxy */ = {
			isa = PBXContainerItemProxy;
			containerPortal = 3419F84A1D17B93B00DBD11A /* Project object */;
			proxyType = 1;
			remoteGlobalIDString = 3419F8511D17B93B00DBD11A;
			remoteInfo = XKXKBabyDevelopmentSec;
		};
/* End PBXContainerItemProxy section */

/* Begin PBXFileReference section */
		3419F8521D17B93B00DBD11A /* XKXKBabyDevelopmentSec.app */ = {isa = PBXFileReference; explicitFileType = wrapper.application; includeInIndex = 0; path = XKXKBabyDevelopmentSec.app; sourceTree = BUILT_PRODUCTS_DIR; };
		3419F8561D17B93B00DBD11A /* main.m */ = {isa = PBXFileReference; lastKnownFileType = sourcecode.c.objc; path = main.m; sourceTree = "<group>"; };
		3419F8581D17B93B00DBD11A /* AppDelegate.h */ = {isa = PBXFileReference; lastKnownFileType = sourcecode.c.h; path = AppDelegate.h; sourceTree = "<group>"; };
		3419F8591D17B93B00DBD11A /* AppDelegate.m */ = {isa = PBXFileReference; lastKnownFileType = sourcecode.c.objc; path = AppDelegate.m; sourceTree = "<group>"; };
		3419F85B1D17B93B00DBD11A /* ViewController.h */ = {isa = PBXFileReference; lastKnownFileType = sourcecode.c.h; path = ViewController.h; sourceTree = "<group>"; };
		3419F85C1D17B93B00DBD11A /* ViewController.m */ = {isa = PBXFileReference; lastKnownFileType = sourcecode.c.objc; path = ViewController.m; sourceTree = "<group>"; };
		3419F85F1D17B93B00DBD11A /* Base */ = {isa = PBXFileReference; lastKnownFileType = file.storyboard; name = Base; path = Base.lproj/Main.storyboard; sourceTree = "<group>"; };
		3419F8611D17B93B00DBD11A /* Assets.xcassets */ = {isa = PBXFileReference; lastKnownFileType = folder.assetcatalog; path = Assets.xcassets; sourceTree = "<group>"; };
		3419F8641D17B93B00DBD11A /* Base */ = {isa = PBXFileReference; lastKnownFileType = file.storyboard; name = Base; path = Base.lproj/LaunchScreen.storyboard; sourceTree = "<group>"; };
		3419F8661D17B93B00DBD11A /* Info.plist */ = {isa = PBXFileReference; lastKnownFileType = text.plist.xml; path = Info.plist; sourceTree = "<group>"; };
		3419F86B1D17B93B00DBD11A /* XKXKBabyDevelopmentSecTests.xctest */ = {isa = PBXFileReference; explicitFileType = wrapper.cfbundle; includeInIndex = 0; path = XKXKBabyDevelopmentSecTests.xctest; sourceTree = BUILT_PRODUCTS_DIR; };
		3419F86F1D17B93B00DBD11A /* XKXKBabyDevelopmentSecTests.m */ = {isa = PBXFileReference; lastKnownFileType = sourcecode.c.objc; path = XKXKBabyDevelopmentSecTests.m; sourceTree = "<group>"; };
		3419F8711D17B93B00DBD11A /* Info.plist */ = {isa = PBXFileReference; lastKnownFileType = text.plist.xml; path = Info.plist; sourceTree = "<group>"; };
		3419F8761D17B93B00DBD11A /* XKXKBabyDevelopmentSecUITests.xctest */ = {isa = PBXFileReference; explicitFileType = wrapper.cfbundle; includeInIndex = 0; path = XKXKBabyDevelopmentSecUITests.xctest; sourceTree = BUILT_PRODUCTS_DIR; };
		3419F87A1D17B93B00DBD11A /* XKXKBabyDevelopmentSecUITests.m */ = {isa = PBXFileReference; lastKnownFileType = sourcecode.c.objc; path = XKXKBabyDevelopmentSecUITests.m; sourceTree = "<group>"; };
		3419F87C1D17B93B00DBD11A /* Info.plist */ = {isa = PBXFileReference; lastKnownFileType = text.plist.xml; path = Info.plist; sourceTree = "<group>"; };
		3419F8881D17BB4000DBD11A /* XKView.h */ = {isa = PBXFileReference; fileEncoding = 4; lastKnownFileType = sourcecode.c.h; path = XKView.h; sourceTree = "<group>"; };
		3419F8891D17BB4000DBD11A /* XKView.m */ = {isa = PBXFileReference; fileEncoding = 4; lastKnownFileType = sourcecode.c.objc; path = XKView.m; sourceTree = "<group>"; };
		3419F88B1D17BBAB00DBD11A /* XKCollectionViewLayout.h */ = {isa = PBXFileReference; fileEncoding = 4; lastKnownFileType = sourcecode.c.h; path = XKCollectionViewLayout.h; sourceTree = "<group>"; };
		3419F88C1D17BBAB00DBD11A /* XKCollectionViewLayout.m */ = {isa = PBXFileReference; fileEncoding = 4; lastKnownFileType = sourcecode.c.objc; path = XKCollectionViewLayout.m; sourceTree = "<group>"; };
		3419F88E1D17BD9B00DBD11A /* XKCircleMacros.h */ = {isa = PBXFileReference; lastKnownFileType = sourcecode.c.h; path = XKCircleMacros.h; sourceTree = "<group>"; };
		3419F8931D17DDC800DBD11A /* XKCircleCell.h */ = {isa = PBXFileReference; fileEncoding = 4; lastKnownFileType = sourcecode.c.h; path = XKCircleCell.h; sourceTree = "<group>"; };
		3419F8941D17DDC800DBD11A /* XKCircleCell.m */ = {isa = PBXFileReference; fileEncoding = 4; lastKnownFileType = sourcecode.c.objc; path = XKCircleCell.m; sourceTree = "<group>"; };
		3419F8961D17EE6600DBD11A /* 指针@2x.png */ = {isa = PBXFileReference; lastKnownFileType = image.png; path = "指针@2x.png"; sourceTree = "<group>"; };
		3419F8971D17EE6600DBD11A /* 指针@3x.png */ = {isa = PBXFileReference; lastKnownFileType = image.png; path = "指针@3x.png"; sourceTree = "<group>"; };
		3419F8981D17EE6600DBD11A /* 顶部栏@2x.png */ = {isa = PBXFileReference; lastKnownFileType = image.png; path = "顶部栏@2x.png"; sourceTree = "<group>"; };
		3419F8991D17EE6600DBD11A /* 顶部栏@3x.png */ = {isa = PBXFileReference; lastKnownFileType = image.png; path = "顶部栏@3x.png"; sourceTree = "<group>"; };
		3419F89A1D17EE6600DBD11A /* 头像小王子@2x.png */ = {isa = PBXFileReference; lastKnownFileType = image.png; path = "头像小王子@2x.png"; sourceTree = "<group>"; };
		3419F89B1D17EE6600DBD11A /* 头像小王子@3x.png */ = {isa = PBXFileReference; lastKnownFileType = image.png; path = "头像小王子@3x.png"; sourceTree = "<group>"; };
		3419F89C1D17EE6600DBD11A /* 椭圆@2x.png */ = {isa = PBXFileReference; lastKnownFileType = image.png; path = "椭圆@2x.png"; sourceTree = "<group>"; };
		3419F89D1D17EE6600DBD11A /* 椭圆@3x.png */ = {isa = PBXFileReference; lastKnownFileType = image.png; path = "椭圆@3x.png"; sourceTree = "<group>"; };
		3419F8C01D1B84CA00DBD11A /* 阴影750x60px.png */ = {isa = PBXFileReference; lastKnownFileType = image.png; path = "阴影750x60px.png"; sourceTree = "<group>"; };
		34D0B9FC1D28FA960012E0C3 /* RometeView.h */ = {isa = PBXFileReference; fileEncoding = 4; lastKnownFileType = sourcecode.c.h; path = RometeView.h; sourceTree = "<group>"; };
		34D0B9FD1D28FA960012E0C3 /* RometeView.m */ = {isa = PBXFileReference; fileEncoding = 4; lastKnownFileType = sourcecode.c.objc; path = RometeView.m; sourceTree = "<group>"; };
		34FAA1521D263B25002389AB /* XKCollectionView.h */ = {isa = PBXFileReference; fileEncoding = 4; lastKnownFileType = sourcecode.c.h; path = XKCollectionView.h; sourceTree = "<group>"; };
		34FAA1531D263B25002389AB /* XKCollectionView.m */ = {isa = PBXFileReference; fileEncoding = 4; lastKnownFileType = sourcecode.c.objc; path = XKCollectionView.m; sourceTree = "<group>"; };
		34FAA1551D264E12002389AB /* XKBezierPathView.h */ = {isa = PBXFileReference; fileEncoding = 4; lastKnownFileType = sourcecode.c.h; path = XKBezierPathView.h; sourceTree = "<group>"; };
		34FAA1561D264E12002389AB /* XKBezierPathView.m */ = {isa = PBXFileReference; fileEncoding = 4; lastKnownFileType = sourcecode.c.objc; path = XKBezierPathView.m; sourceTree = "<group>"; };
		34FAA1581D28AB0C002389AB /* KTOneFingerRotationGestureRecognizer.h */ = {isa = PBXFileReference; fileEncoding = 4; lastKnownFileType = sourcecode.c.h; path = KTOneFingerRotationGestureRecognizer.h; sourceTree = "<group>"; };
		34FAA1591D28AB0D002389AB /* KTOneFingerRotationGestureRecognizer.m */ = {isa = PBXFileReference; fileEncoding = 4; lastKnownFileType = sourcecode.c.objc; path = KTOneFingerRotationGestureRecognizer.m; sourceTree = "<group>"; };
/* End PBXFileReference section */

/* Begin PBXFrameworksBuildPhase section */
		3419F84F1D17B93B00DBD11A /* Frameworks */ = {
			isa = PBXFrameworksBuildPhase;
			buildActionMask = 2147483647;
			files = (
			);
			runOnlyForDeploymentPostprocessing = 0;
		};
		3419F8681D17B93B00DBD11A /* Frameworks */ = {
			isa = PBXFrameworksBuildPhase;
			buildActionMask = 2147483647;
			files = (
			);
			runOnlyForDeploymentPostprocessing = 0;
		};
		3419F8731D17B93B00DBD11A /* Frameworks */ = {
			isa = PBXFrameworksBuildPhase;
			buildActionMask = 2147483647;
			files = (
			);
			runOnlyForDeploymentPostprocessing = 0;
		};
/* End PBXFrameworksBuildPhase section */

/* Begin PBXGroup section */
		3419F8491D17B93B00DBD11A = {
			isa = PBXGroup;
			children = (
				3419F8541D17B93B00DBD11A /* XKXKBabyDevelopmentSec */,
				3419F86E1D17B93B00DBD11A /* XKXKBabyDevelopmentSecTests */,
				3419F8791D17B93B00DBD11A /* XKXKBabyDevelopmentSecUITests */,
				3419F8531D17B93B00DBD11A /* Products */,
			);
			sourceTree = "<group>";
		};
		3419F8531D17B93B00DBD11A /* Products */ = {
			isa = PBXGroup;
			children = (
				3419F8521D17B93B00DBD11A /* XKXKBabyDevelopmentSec.app */,
				3419F86B1D17B93B00DBD11A /* XKXKBabyDevelopmentSecTests.xctest */,
				3419F8761D17B93B00DBD11A /* XKXKBabyDevelopmentSecUITests.xctest */,
			);
			name = Products;
			sourceTree = "<group>";
		};
		3419F8541D17B93B00DBD11A /* XKXKBabyDevelopmentSec */ = {
			isa = PBXGroup;
			children = (
				3419F8581D17B93B00DBD11A /* AppDelegate.h */,
				3419F8591D17B93B00DBD11A /* AppDelegate.m */,
				3419F85B1D17B93B00DBD11A /* ViewController.h */,
				3419F85C1D17B93B00DBD11A /* ViewController.m */,
				3419F88B1D17BBAB00DBD11A /* XKCollectionViewLayout.h */,
				3419F88C1D17BBAB00DBD11A /* XKCollectionViewLayout.m */,
				34FAA1521D263B25002389AB /* XKCollectionView.h */,
				34FAA1531D263B25002389AB /* XKCollectionView.m */,
				34FAA1551D264E12002389AB /* XKBezierPathView.h */,
				34FAA1561D264E12002389AB /* XKBezierPathView.m */,
				3419F8881D17BB4000DBD11A /* XKView.h */,
				3419F8891D17BB4000DBD11A /* XKView.m */,
				3419F8931D17DDC800DBD11A /* XKCircleCell.h */,
				3419F8941D17DDC800DBD11A /* XKCircleCell.m */,
				3419F88E1D17BD9B00DBD11A /* XKCircleMacros.h */,
				34FAA1581D28AB0C002389AB /* KTOneFingerRotationGestureRecognizer.h */,
				34FAA1591D28AB0D002389AB /* KTOneFingerRotationGestureRecognizer.m */,
				34D0B9FC1D28FA960012E0C3 /* RometeView.h */,
				34D0B9FD1D28FA960012E0C3 /* RometeView.m */,
				3419F8C01D1B84CA00DBD11A /* 阴影750x60px.png */,
				3419F8961D17EE6600DBD11A /* 指针@2x.png */,
				3419F8971D17EE6600DBD11A /* 指针@3x.png */,
				3419F8981D17EE6600DBD11A /* 顶部栏@2x.png */,
				3419F8991D17EE6600DBD11A /* 顶部栏@3x.png */,
				3419F89A1D17EE6600DBD11A /* 头像小王子@2x.png */,
				3419F89B1D17EE6600DBD11A /* 头像小王子@3x.png */,
				3419F89C1D17EE6600DBD11A /* 椭圆@2x.png */,
				3419F89D1D17EE6600DBD11A /* 椭圆@3x.png */,
				3419F85E1D17B93B00DBD11A /* Main.storyboard */,
				3419F8611D17B93B00DBD11A /* Assets.xcassets */,
				3419F8631D17B93B00DBD11A /* LaunchScreen.storyboard */,
				3419F8661D17B93B00DBD11A /* Info.plist */,
				3419F8551D17B93B00DBD11A /* Supporting Files */,
			);
			path = XKXKBabyDevelopmentSec;
			sourceTree = "<group>";
		};
		3419F8551D17B93B00DBD11A /* Supporting Files */ = {
			isa = PBXGroup;
			children = (
				3419F8561D17B93B00DBD11A /* main.m */,
			);
			name = "Supporting Files";
			sourceTree = "<group>";
		};
		3419F86E1D17B93B00DBD11A /* XKXKBabyDevelopmentSecTests */ = {
			isa = PBXGroup;
			children = (
				3419F86F1D17B93B00DBD11A /* XKXKBabyDevelopmentSecTests.m */,
				3419F8711D17B93B00DBD11A /* Info.plist */,
			);
			path = XKXKBabyDevelopmentSecTests;
			sourceTree = "<group>";
		};
		3419F8791D17B93B00DBD11A /* XKXKBabyDevelopmentSecUITests */ = {
			isa = PBXGroup;
			children = (
				3419F87A1D17B93B00DBD11A /* XKXKBabyDevelopmentSecUITests.m */,
				3419F87C1D17B93B00DBD11A /* Info.plist */,
			);
			path = XKXKBabyDevelopmentSecUITests;
			sourceTree = "<group>";
		};
/* End PBXGroup section */

/* Begin PBXNativeTarget section */
		3419F8511D17B93B00DBD11A /* XKXKBabyDevelopmentSec */ = {
			isa = PBXNativeTarget;
			buildConfigurationList = 3419F87F1D17B93B00DBD11A /* Build configuration list for PBXNativeTarget "XKXKBabyDevelopmentSec" */;
			buildPhases = (
				3419F84E1D17B93B00DBD11A /* Sources */,
				3419F84F1D17B93B00DBD11A /* Frameworks */,
				3419F8501D17B93B00DBD11A /* Resources */,
			);
			buildRules = (
			);
			dependencies = (
			);
			name = XKXKBabyDevelopmentSec;
			productName = XKXKBabyDevelopmentSec;
			productReference = 3419F8521D17B93B00DBD11A /* XKXKBabyDevelopmentSec.app */;
			productType = "com.apple.product-type.application";
		};
		3419F86A1D17B93B00DBD11A /* XKXKBabyDevelopmentSecTests */ = {
			isa = PBXNativeTarget;
			buildConfigurationList = 3419F8821D17B93B00DBD11A /* Build configuration list for PBXNativeTarget "XKXKBabyDevelopmentSecTests" */;
			buildPhases = (
				3419F8671D17B93B00DBD11A /* Sources */,
				3419F8681D17B93B00DBD11A /* Frameworks */,
				3419F8691D17B93B00DBD11A /* Resources */,
			);
			buildRules = (
			);
			dependencies = (
				3419F86D1D17B93B00DBD11A /* PBXTargetDependency */,
			);
			name = XKXKBabyDevelopmentSecTests;
			productName = XKXKBabyDevelopmentSecTests;
			productReference = 3419F86B1D17B93B00DBD11A /* XKXKBabyDevelopmentSecTests.xctest */;
			productType = "com.apple.product-type.bundle.unit-test";
		};
		3419F8751D17B93B00DBD11A /* XKXKBabyDevelopmentSecUITests */ = {
			isa = PBXNativeTarget;
			buildConfigurationList = 3419F8851D17B93B00DBD11A /* Build configuration list for PBXNativeTarget "XKXKBabyDevelopmentSecUITests" */;
			buildPhases = (
				3419F8721D17B93B00DBD11A /* Sources */,
				3419F8731D17B93B00DBD11A /* Frameworks */,
				3419F8741D17B93B00DBD11A /* Resources */,
			);
			buildRules = (
			);
			dependencies = (
				3419F8781D17B93B00DBD11A /* PBXTargetDependency */,
			);
			name = XKXKBabyDevelopmentSecUITests;
			productName = XKXKBabyDevelopmentSecUITests;
			productReference = 3419F8761D17B93B00DBD11A /* XKXKBabyDevelopmentSecUITests.xctest */;
			productType = "com.apple.product-type.bundle.ui-testing";
		};
/* End PBXNativeTarget section */

/* Begin PBXProject section */
		3419F84A1D17B93B00DBD11A /* Project object */ = {
			isa = PBXProject;
			attributes = {
				CLASSPREFIX = XK;
				LastUpgradeCheck = 0730;
				ORGANIZATIONNAME = zhangXu;
				TargetAttributes = {
					3419F8511D17B93B00DBD11A = {
						CreatedOnToolsVersion = 7.3;
					};
					3419F86A1D17B93B00DBD11A = {
						CreatedOnToolsVersion = 7.3;
						TestTargetID = 3419F8511D17B93B00DBD11A;
					};
					3419F8751D17B93B00DBD11A = {
						CreatedOnToolsVersion = 7.3;
						TestTargetID = 3419F8511D17B93B00DBD11A;
					};
				};
			};
			buildConfigurationList = 3419F84D1D17B93B00DBD11A /* Build configuration list for PBXProject "XKXKBabyDevelopmentSec" */;
			compatibilityVersion = "Xcode 3.2";
			developmentRegion = English;
			hasScannedForEncodings = 0;
			knownRegions = (
				en,
				Base,
			);
			mainGroup = 3419F8491D17B93B00DBD11A;
			productRefGroup = 3419F8531D17B93B00DBD11A /* Products */;
			projectDirPath = "";
			projectRoot = "";
			targets = (
				3419F8511D17B93B00DBD11A /* XKXKBabyDevelopmentSec */,
				3419F86A1D17B93B00DBD11A /* XKXKBabyDevelopmentSecTests */,
				3419F8751D17B93B00DBD11A /* XKXKBabyDevelopmentSecUITests */,
			);
		};
/* End PBXProject section */

/* Begin PBXResourcesBuildPhase section */
		3419F8501D17B93B00DBD11A /* Resources */ = {
			isa = PBXResourcesBuildPhase;
			buildActionMask = 2147483647;
			files = (
				3419F8651D17B93B00DBD11A /* LaunchScreen.storyboard in Resources */,
				3419F89E1D17EE6600DBD11A /* 指针@2x.png in Resources */,
				3419F8A01D17EE6600DBD11A /* 顶部栏@2x.png in Resources */,
				3419F8A41D17EE6600DBD11A /* 椭圆@2x.png in Resources */,
				3419F8621D17B93B00DBD11A /* Assets.xcassets in Resources */,
				3419F8A11D17EE6600DBD11A /* 顶部栏@3x.png in Resources */,
				3419F8601D17B93B00DBD11A /* Main.storyboard in Resources */,
				3419F8A31D17EE6600DBD11A /* 头像小王子@3x.png in Resources */,
				3419F8C11D1B84CB00DBD11A /* 阴影750x60px.png in Resources */,
				3419F8A51D17EE6600DBD11A /* 椭圆@3x.png in Resources */,
				3419F8A21D17EE6600DBD11A /* 头像小王子@2x.png in Resources */,
				3419F89F1D17EE6600DBD11A /* 指针@3x.png in Resources */,
			);
			runOnlyForDeploymentPostprocessing = 0;
		};
		3419F8691D17B93B00DBD11A /* Resources */ = {
			isa = PBXResourcesBuildPhase;
			buildActionMask = 2147483647;
			files = (
			);
			runOnlyForDeploymentPostprocessing = 0;
		};
		3419F8741D17B93B00DBD11A /* Resources */ = {
			isa = PBXResourcesBuildPhase;
			buildActionMask = 2147483647;
			files = (
			);
			runOnlyForDeploymentPostprocessing = 0;
		};
/* End PBXResourcesBuildPhase section */

/* Begin PBXSourcesBuildPhase section */
		3419F84E1D17B93B00DBD11A /* Sources */ = {
			isa = PBXSourcesBuildPhase;
			buildActionMask = 2147483647;
			files = (
				34D0B9FE1D28FA960012E0C3 /* RometeView.m in Sources */,
				3419F85D1D17B93B00DBD11A /* ViewController.m in Sources */,
				34FAA1571D264E12002389AB /* XKBezierPathView.m in Sources */,
				3419F88D1D17BBAB00DBD11A /* XKCollectionViewLayout.m in Sources */,
				34FAA1541D263B25002389AB /* XKCollectionView.m in Sources */,
				3419F88A1D17BB4000DBD11A /* XKView.m in Sources */,
				3419F85A1D17B93B00DBD11A /* AppDelegate.m in Sources */,
				3419F8951D17DDC800DBD11A /* XKCircleCell.m in Sources */,
				3419F8571D17B93B00DBD11A /* main.m in Sources */,
				34FAA15A1D28AB0D002389AB /* KTOneFingerRotationGestureRecognizer.m in Sources */,
			);
			runOnlyForDeploymentPostprocessing = 0;
		};
		3419F8671D17B93B00DBD11A /* Sources */ = {
			isa = PBXSourcesBuildPhase;
			buildActionMask = 2147483647;
			files = (
				3419F8701D17B93B00DBD11A /* XKXKBabyDevelopmentSecTests.m in Sources */,
			);
			runOnlyForDeploymentPostprocessing = 0;
		};
		3419F8721D17B93B00DBD11A /* Sources */ = {
			isa = PBXSourcesBuildPhase;
			buildActionMask = 2147483647;
			files = (
				3419F87B1D17B93B00DBD11A /* XKXKBabyDevelopmentSecUITests.m in Sources */,
			);
			runOnlyForDeploymentPostprocessing = 0;
		};
/* End PBXSourcesBuildPhase section */

/* Begin PBXTargetDependency section */
		3419F86D1D17B93B00DBD11A /* PBXTargetDependency */ = {
			isa = PBXTargetDependency;
			target = 3419F8511D17B93B00DBD11A /* XKXKBabyDevelopmentSec */;
			targetProxy = 3419F86C1D17B93B00DBD11A /* PBXContainerItemProxy */;
		};
		3419F8781D17B93B00DBD11A /* PBXTargetDependency */ = {
			isa = PBXTargetDependency;
			target = 3419F8511D17B93B00DBD11A /* XKXKBabyDevelopmentSec */;
			targetProxy = 3419F8771D17B93B00DBD11A /* PBXContainerItemProxy */;
		};
/* End PBXTargetDependency section */

/* Begin PBXVariantGroup section */
		3419F85E1D17B93B00DBD11A /* Main.storyboard */ = {
			isa = PBXVariantGroup;
			children = (
				3419F85F1D17B93B00DBD11A /* Base */,
			);
			name = Main.storyboard;
			sourceTree = "<group>";
		};
		3419F8631D17B93B00DBD11A /* LaunchScreen.storyboard */ = {
			isa = PBXVariantGroup;
			children = (
				3419F8641D17B93B00DBD11A /* Base */,
			);
			name = LaunchScreen.storyboard;
			sourceTree = "<group>";
		};
/* End PBXVariantGroup section */

/* Begin XCBuildConfiguration section */
		3419F87D1D17B93B00DBD11A /* Debug */ = {
			isa = XCBuildConfiguration;
			buildSettings = {
				ALWAYS_SEARCH_USER_PATHS = NO;
				CLANG_ANALYZER_NONNULL = YES;
				CLANG_CXX_LANGUAGE_STANDARD = "gnu++0x";
				CLANG_CXX_LIBRARY = "libc++";
				CLANG_ENABLE_MODULES = YES;
				CLANG_ENABLE_OBJC_ARC = YES;
				CLANG_WARN_BOOL_CONVERSION = YES;
				CLANG_WARN_CONSTANT_CONVERSION = YES;
				CLANG_WARN_DIRECT_OBJC_ISA_USAGE = YES_ERROR;
				CLANG_WARN_EMPTY_BODY = YES;
				CLANG_WARN_ENUM_CONVERSION = YES;
				CLANG_WARN_INT_CONVERSION = YES;
				CLANG_WARN_OBJC_ROOT_CLASS = YES_ERROR;
				CLANG_WARN_UNREACHABLE_CODE = YES;
				CLANG_WARN__DUPLICATE_METHOD_MATCH = YES;
				"CODE_SIGN_IDENTITY[sdk=iphoneos*]" = "iPhone Developer";
				COPY_PHASE_STRIP = NO;
				DEBUG_INFORMATION_FORMAT = dwarf;
				ENABLE_STRICT_OBJC_MSGSEND = YES;
				ENABLE_TESTABILITY = YES;
				GCC_C_LANGUAGE_STANDARD = gnu99;
				GCC_DYNAMIC_NO_PIC = NO;
				GCC_NO_COMMON_BLOCKS = YES;
				GCC_OPTIMIZATION_LEVEL = 0;
				GCC_PREPROCESSOR_DEFINITIONS = (
					"DEBUG=1",
					"$(inherited)",
				);
				GCC_WARN_64_TO_32_BIT_CONVERSION = YES;
				GCC_WARN_ABOUT_RETURN_TYPE = YES_ERROR;
				GCC_WARN_UNDECLARED_SELECTOR = YES;
				GCC_WARN_UNINITIALIZED_AUTOS = YES_AGGRESSIVE;
				GCC_WARN_UNUSED_FUNCTION = YES;
				GCC_WARN_UNUSED_VARIABLE = YES;
				IPHONEOS_DEPLOYMENT_TARGET = 9.3;
				MTL_ENABLE_DEBUG_INFO = YES;
				ONLY_ACTIVE_ARCH = YES;
				SDKROOT = iphoneos;
			};
			name = Debug;
		};
		3419F87E1D17B93B00DBD11A /* Release */ = {
			isa = XCBuildConfiguration;
			buildSettings = {
				ALWAYS_SEARCH_USER_PATHS = NO;
				CLANG_ANALYZER_NONNULL = YES;
				CLANG_CXX_LANGUAGE_STANDARD = "gnu++0x";
				CLANG_CXX_LIBRARY = "libc++";
				CLANG_ENABLE_MODULES = YES;
				CLANG_ENABLE_OBJC_ARC = YES;
				CLANG_WARN_BOOL_CONVERSION = YES;
				CLANG_WARN_CONSTANT_CONVERSION = YES;
				CLANG_WARN_DIRECT_OBJC_ISA_USAGE = YES_ERROR;
				CLANG_WARN_EMPTY_BODY = YES;
				CLANG_WARN_ENUM_CONVERSION = YES;
				CLANG_WARN_INT_CONVERSION = YES;
				CLANG_WARN_OBJC_ROOT_CLASS = YES_ERROR;
				CLANG_WARN_UNREACHABLE_CODE = YES;
				CLANG_WARN__DUPLICATE_METHOD_MATCH = YES;
				"CODE_SIGN_IDENTITY[sdk=iphoneos*]" = "iPhone Developer";
				COPY_PHASE_STRIP = NO;
				DEBUG_INFORMATION_FORMAT = "dwarf-with-dsym";
				ENABLE_NS_ASSERTIONS = NO;
				ENABLE_STRICT_OBJC_MSGSEND = YES;
				GCC_C_LANGUAGE_STANDARD = gnu99;
				GCC_NO_COMMON_BLOCKS = YES;
				GCC_WARN_64_TO_32_BIT_CONVERSION = YES;
				GCC_WARN_ABOUT_RETURN_TYPE = YES_ERROR;
				GCC_WARN_UNDECLARED_SELECTOR = YES;
				GCC_WARN_UNINITIALIZED_AUTOS = YES_AGGRESSIVE;
				GCC_WARN_UNUSED_FUNCTION = YES;
				GCC_WARN_UNUSED_VARIABLE = YES;
				IPHONEOS_DEPLOYMENT_TARGET = 9.3;
				MTL_ENABLE_DEBUG_INFO = NO;
				SDKROOT = iphoneos;
				VALIDATE_PRODUCT = YES;
			};
			name = Release;
		};
		3419F8801D17B93B00DBD11A /* Debug */ = {
			isa = XCBuildConfiguration;
			buildSettings = {
				ASSETCATALOG_COMPILER_APPICON_NAME = AppIcon;
				INFOPLIST_FILE = XKXKBabyDevelopmentSec/Info.plist;
				IPHONEOS_DEPLOYMENT_TARGET = 8.3;
				LD_RUNPATH_SEARCH_PATHS = "$(inherited) @executable_path/Frameworks";
				PRODUCT_BUNDLE_IDENTIFIER = com.ZhangXu.XKXKBabyDevelopmentSec;
				PRODUCT_NAME = "$(TARGET_NAME)";
			};
			name = Debug;
		};
		3419F8811D17B93B00DBD11A /* Release */ = {
			isa = XCBuildConfiguration;
			buildSettings = {
				ASSETCATALOG_COMPILER_APPICON_NAME = AppIcon;
				INFOPLIST_FILE = XKXKBabyDevelopmentSec/Info.plist;
				IPHONEOS_DEPLOYMENT_TARGET = 8.3;
				LD_RUNPATH_SEARCH_PATHS = "$(inherited) @executable_path/Frameworks";
				PRODUCT_BUNDLE_IDENTIFIER = com.ZhangXu.XKXKBabyDevelopmentSec;
				PRODUCT_NAME = "$(TARGET_NAME)";
			};
			name = Release;
		};
		3419F8831D17B93B00DBD11A /* Debug */ = {
			isa = XCBuildConfiguration;
			buildSettings = {
				BUNDLE_LOADER = "$(TEST_HOST)";
				INFOPLIST_FILE = XKXKBabyDevelopmentSecTests/Info.plist;
				LD_RUNPATH_SEARCH_PATHS = "$(inherited) @executable_path/Frameworks @loader_path/Frameworks";
				PRODUCT_BUNDLE_IDENTIFIER = com.ZhangXu.XKXKBabyDevelopmentSecTests;
				PRODUCT_NAME = "$(TARGET_NAME)";
				TEST_HOST = "$(BUILT_PRODUCTS_DIR)/XKXKBabyDevelopmentSec.app/XKXKBabyDevelopmentSec";
			};
			name = Debug;
		};
		3419F8841D17B93B00DBD11A /* Release */ = {
			isa = XCBuildConfiguration;
			buildSettings = {
				BUNDLE_LOADER = "$(TEST_HOST)";
				INFOPLIST_FILE = XKXKBabyDevelopmentSecTests/Info.plist;
				LD_RUNPATH_SEARCH_PATHS = "$(inherited) @executable_path/Frameworks @loader_path/Frameworks";
				PRODUCT_BUNDLE_IDENTIFIER = com.ZhangXu.XKXKBabyDevelopmentSecTests;
				PRODUCT_NAME = "$(TARGET_NAME)";
				TEST_HOST = "$(BUILT_PRODUCTS_DIR)/XKXKBabyDevelopmentSec.app/XKXKBabyDevelopmentSec";
			};
			name = Release;
		};
		3419F8861D17B93B00DBD11A /* Debug */ = {
			isa = XCBuildConfiguration;
			buildSettings = {
				INFOPLIST_FILE = XKXKBabyDevelopmentSecUITests/Info.plist;
				LD_RUNPATH_SEARCH_PATHS = "$(inherited) @executable_path/Frameworks @loader_path/Frameworks";
				PRODUCT_BUNDLE_IDENTIFIER = com.ZhangXu.XKXKBabyDevelopmentSecUITests;
				PRODUCT_NAME = "$(TARGET_NAME)";
				TEST_TARGET_NAME = XKXKBabyDevelopmentSec;
			};
			name = Debug;
		};
		3419F8871D17B93B00DBD11A /* Release */ = {
			isa = XCBuildConfiguration;
			buildSettings = {
				INFOPLIST_FILE = XKXKBabyDevelopmentSecUITests/Info.plist;
				LD_RUNPATH_SEARCH_PATHS = "$(inherited) @executable_path/Frameworks @loader_path/Frameworks";
				PRODUCT_BUNDLE_IDENTIFIER = com.ZhangXu.XKXKBabyDevelopmentSecUITests;
				PRODUCT_NAME = "$(TARGET_NAME)";
				TEST_TARGET_NAME = XKXKBabyDevelopmentSec;
			};
			name = Release;
		};
/* End XCBuildConfiguration section */

/* Begin XCConfigurationList section */
		3419F84D1D17B93B00DBD11A /* Build configuration list for PBXProject "XKXKBabyDevelopmentSec" */ = {
			isa = XCConfigurationList;
			buildConfigurations = (
				3419F87D1D17B93B00DBD11A /* Debug */,
				3419F87E1D17B93B00DBD11A /* Release */,
			);
			defaultConfigurationIsVisible = 0;
			defaultConfigurationName = Release;
		};
		3419F87F1D17B93B00DBD11A /* Build configuration list for PBXNativeTarget "XKXKBabyDevelopmentSec" */ = {
			isa = XCConfigurationList;
			buildConfigurations = (
				3419F8801D17B93B00DBD11A /* Debug */,
				3419F8811D17B93B00DBD11A /* Release */,
			);
			defaultConfigurationIsVisible = 0;
			defaultConfigurationName = Release;
		};
		3419F8821D17B93B00DBD11A /* Build configuration list for PBXNativeTarget "XKXKBabyDevelopmentSecTests" */ = {
			isa = XCConfigurationList;
			buildConfigurations = (
				3419F8831D17B93B00DBD11A /* Debug */,
				3419F8841D17B93B00DBD11A /* Release */,
			);
			defaultConfigurationIsVisible = 0;
			defaultConfigurationName = Release;
		};
		3419F8851D17B93B00DBD11A /* Build configuration list for PBXNativeTarget "XKXKBabyDevelopmentSecUITests" */ = {
			isa = XCConfigurationList;
			buildConfigurations = (
				3419F8861D17B93B00DBD11A /* Debug */,
				3419F8871D17B93B00DBD11A /* Release */,
			);
			defaultConfigurationIsVisible = 0;
			defaultConfigurationName = Release;
		};
/* End XCConfigurationList section */
	};
	rootObject = 3419F84A1D17B93B00DBD11A /* Project object */;
}
